// !$*UTF8*$!
{
	archiveVersion = 1;
	classes = {
	};
	objectVersion = 46;
	objects = {

/* Begin PBXBuildFile section */
		300DDB661C4B05DA00810B49 /* AppDelegate.swift in Sources */ = {isa = PBXBuildFile; fileRef = 300DDB651C4B05DA00810B49 /* AppDelegate.swift */; };
		300DDB681C4B05DA00810B49 /* ViewController.swift in Sources */ = {isa = PBXBuildFile; fileRef = 300DDB671C4B05DA00810B49 /* ViewController.swift */; };
		300DDB6B1C4B05DA00810B49 /* Main.storyboard in Resources */ = {isa = PBXBuildFile; fileRef = 300DDB691C4B05DA00810B49 /* Main.storyboard */; };
		300DDB6D1C4B05DA00810B49 /* Assets.xcassets in Resources */ = {isa = PBXBuildFile; fileRef = 300DDB6C1C4B05DA00810B49 /* Assets.xcassets */; };
		300DDB701C4B05DA00810B49 /* LaunchScreen.storyboard in Resources */ = {isa = PBXBuildFile; fileRef = 300DDB6E1C4B05DA00810B49 /* LaunchScreen.storyboard */; };
/* End PBXBuildFile section */

/* Begin PBXFileReference section */
		300DDB621C4B05DA00810B49 /* MemeMe.app */ = {isa = PBXFileReference; explicitFileType = wrapper.application; includeInIndex = 0; path = MemeMe.app; sourceTree = BUILT_PRODUCTS_DIR; };
		300DDB651C4B05DA00810B49 /* AppDelegate.swift */ = {isa = PBXFileReference; lastKnownFileType = sourcecode.swift; path = AppDelegate.swift; sourceTree = "<group>"; };
		300DDB671C4B05DA00810B49 /* ViewController.swift */ = {isa = PBXFileReference; lastKnownFileType = sourcecode.swift; path = ViewController.swift; sourceTree = "<group>"; };
		300DDB6A1C4B05DA00810B49 /* Base */ = {isa = PBXFileReference; lastKnownFileType = file.storyboard; name = Base; path = Base.lproj/Main.storyboard; sourceTree = "<group>"; };
		300DDB6C1C4B05DA00810B49 /* Assets.xcassets */ = {isa = PBXFileReference; lastKnownFileType = folder.assetcatalog; path = Assets.xcassets; sourceTree = "<group>"; };
		300DDB6F1C4B05DA00810B49 /* Base */ = {isa = PBXFileReference; lastKnownFileType = file.storyboard; name = Base; path = Base.lproj/LaunchScreen.storyboard; sourceTree = "<group>"; };
		300DDB711C4B05DA00810B49 /* Info.plist */ = {isa = PBXFileReference; lastKnownFileType = text.plist.xml; path = Info.plist; sourceTree = "<group>"; };
/* End PBXFileReference section */

/* Begin PBXFrameworksBuildPhase section */
		300DDB5F1C4B05DA00810B49 /* Frameworks */ = {
			isa = PBXFrameworksBuildPhase;
			buildActionMask = 2147483647;
			files = (
			);
			runOnlyForDeploymentPostprocessing = 0;
		};
/* End PBXFrameworksBuildPhase section */

/* Begin PBXGroup section */
		300DDB591C4B05DA00810B49 = {
			isa = PBXGroup;
			children = (
				300DDB641C4B05DA00810B49 /* MemeMe */,
				300DDB631C4B05DA00810B49 /* Products */,
			);
			sourceTree = "<group>";
		};
		300DDB631C4B05DA00810B49 /* Products */ = {
			isa = PBXGroup;
			children = (
				300DDB621C4B05DA00810B49 /* MemeMe.app */,
			);
			name = Products;
			sourceTree = "<group>";
		};
		300DDB641C4B05DA00810B49 /* MemeMe */ = {
			isa = PBXGroup;
			children = (
				300DDB651C4B05DA00810B49 /* AppDelegate.swift */,
				300DDB671C4B05DA00810B49 /* ViewController.swift */,
				300DDB691C4B05DA00810B49 /* Main.storyboard */,
				300DDB6C1C4B05DA00810B49 /* Assets.xcassets */,
				300DDB6E1C4B05DA00810B49 /* LaunchScreen.storyboard */,
				300DDB711C4B05DA00810B49 /* Info.plist */,
			);
			path = MemeMe;
			sourceTree = "<group>";
		};
/* End PBXGroup section */

/* Begin PBXNativeTarget section */
		300DDB611C4B05DA00810B49 /* MemeMe */ = {
			isa = PBXNativeTarget;
			buildConfigurationList = 300DDB741C4B05DA00810B49 /* Build configuration list for PBXNativeTarget "MemeMe" */;
			buildPhases = (
				300DDB5E1C4B05DA00810B49 /* Sources */,
				300DDB5F1C4B05DA00810B49 /* Frameworks */,
				300DDB601C4B05DA00810B49 /* Resources */,
			);
			buildRules = (
			);
			dependencies = (
			);
			name = MemeMe;
			productName = MemeMe;
			productReference = 300DDB621C4B05DA00810B49 /* MemeMe.app */;
			productType = "com.apple.product-type.application";
		};
/* End PBXNativeTarget section */

/* Begin PBXProject section */
		300DDB5A1C4B05DA00810B49 /* Project object */ = {
			isa = PBXProject;
			attributes = {
				LastSwiftUpdateCheck = 0720;
				LastUpgradeCheck = 0720;
				ORGANIZATIONNAME = ciscoalcala;
				TargetAttributes = {
					300DDB611C4B05DA00810B49 = {
						CreatedOnToolsVersion = 7.2;
					};
				};
			};
			buildConfigurationList = 300DDB5D1C4B05DA00810B49 /* Build configuration list for PBXProject "MemeMe" */;
			compatibilityVersion = "Xcode 3.2";
			developmentRegion = English;
			hasScannedForEncodings = 0;
			knownRegions = (
				en,
				Base,
			);
			mainGroup = 300DDB591C4B05DA00810B49;
			productRefGroup = 300DDB631C4B05DA00810B49 /* Products */;
			projectDirPath = "";
			projectRoot = "";
			targets = (
				300DDB611C4B05DA00810B49 /* MemeMe */,
			);
		};
/* End PBXProject section */

/* Begin PBXResourcesBuildPhase section */
		300DDB601C4B05DA00810B49 /* Resources */ = {
			isa = PBXResourcesBuildPhase;
			buildActionMask = 2147483647;
			files = (
				300DDB701C4B05DA00810B49 /* LaunchScreen.storyboard in Resources */,
				300DDB6D1C4B05DA00810B49 /* Assets.xcassets in Resources */,
				300DDB6B1C4B05DA00810B49 /* Main.storyboard in Resources */,
			);
			runOnlyForDeploymentPostprocessing = 0;
		};
/* End PBXResourcesBuildPhase section */

/* Begin PBXSourcesBuildPhase section */
		300DDB5E1C4B05DA00810B49 /* Sources */ = {
			isa = PBXSourcesBuildPhase;
			buildActionMask = 2147483647;
			files = (
				300DDB681C4B05DA00810B49 /* ViewController.swift in Sources */,
				300DDB661C4B05DA00810B49 /* AppDelegate.swift in Sources */,
			);
			runOnlyForDeploymentPostprocessing = 0;
		};
/* End PBXSourcesBuildPhase section */

/* Begin PBXVariantGroup section */
		300DDB691C4B05DA00810B49 /* Main.storyboard */ = {
			isa = PBXVariantGroup;
			children = (
				300DDB6A1C4B05DA00810B49 /* Base */,
			);
			name = Main.storyboard;
			sourceTree = "<group>";
		};
		300DDB6E1C4B05DA00810B49 /* LaunchScreen.storyboard */ = {
			isa = PBXVariantGroup;
			children = (
				300DDB6F1C4B05DA00810B49 /* Base */,
			);
			name = LaunchScreen.storyboard;
			sourceTree = "<group>";
		};
/* End PBXVariantGroup section */

/* Begin XCBuildConfiguration section */
		300DDB721C4B05DA00810B49 /* Debug */ = {
			isa = XCBuildConfiguration;
			buildSettings = {
				ALWAYS_SEARCH_USER_PATHS = NO;
				CLANG_CXX_LANGUAGE_STANDARD = "gnu++0x";
				CLANG_CXX_LIBRARY = "libc++";
				CLANG_ENABLE_MODULES = YES;
				CLANG_ENABLE_OBJC_ARC = YES;
				CLANG_WARN_BOOL_CONVERSION = YES;
				CLANG_WARN_CONSTANT_CONVERSION = YES;
				CLANG_WARN_DIRECT_OBJC_ISA_USAGE = YES_ERROR;
				CLANG_WARN_EMPTY_BODY = YES;
				CLANG_WARN_ENUM_CONVERSION = YES;
				CLANG_WARN_INT_CONVERSION = YES;
				CLANG_WARN_OBJC_ROOT_CLASS = YES_ERROR;
				CLANG_WARN_UNREACHABLE_CODE = YES;
				CLANG_WARN__DUPLICATE_METHOD_MATCH = YES;
				"CODE_SIGN_IDENTITY[sdk=iphoneos*]" = "iPhone Developer";
				COPY_PHASE_STRIP = NO;
				DEBUG_INFORMATION_FORMAT = dwarf;
				ENABLE_STRICT_OBJC_MSGSEND = YES;
				ENABLE_TESTABILITY = YES;
				GCC_C_LANGUAGE_STANDARD = gnu99;
				GCC_DYNAMIC_NO_PIC = NO;
				GCC_NO_COMMON_BLOCKS = YES;
				GCC_OPTIMIZATION_LEVEL = 0;
				GCC_PREPROCESSOR_DEFINITIONS = (
					"DEBUG=1",
					"$(inherited)",
				);
				GCC_WARN_64_TO_32_BIT_CONVERSION = YES;
				GCC_WARN_ABOUT_RETURN_TYPE = YES_ERROR;
				GCC_WARN_UNDECLARED_SELECTOR = YES;
				GCC_WARN_UNINITIALIZED_AUTOS = YES_AGGRESSIVE;
				GCC_WARN_UNUSED_FUNCTION = YES;
				GCC_WARN_UNUSED_VARIABLE = YES;
				IPHONEOS_DEPLOYMENT_TARGET = 9.2;
				MTL_ENABLE_DEBUG_INFO = YES;
				ONLY_ACTIVE_ARCH = YES;
				SDKROOT = iphoneos;
				SWIFT_OPTIMIZATION_LEVEL = "-Onone";
			};
			name = Debug;
		};
		300DDB731C4B05DA00810B49 /* Release */ = {
			isa = XCBuildConfiguration;
			buildSettings = {
				ALWAYS_SEARCH_USER_PATHS = NO;
				CLANG_CXX_LANGUAGE_STANDARD = "gnu++0x";
				CLANG_CXX_LIBRARY = "libc++";
				CLANG_ENABLE_MODULES = YES;
				CLANG_ENABLE_OBJC_ARC = YES;
				CLANG_WARN_BOOL_CONVERSION = YES;
				CLANG_WARN_CONSTANT_CONVERSION = YES;
				CLANG_WARN_DIRECT_OBJC_ISA_USAGE = YES_ERROR;
				CLANG_WARN_EMPTY_BODY = YES;
				CLANG_WARN_ENUM_CONVERSION = YES;
				CLANG_WARN_INT_CONVERSION = YES;
				CLANG_WARN_OBJC_ROOT_CLASS = YES_ERROR;
				CLANG_WARN_UNREACHABLE_CODE = YES;
				CLANG_WARN__DUPLICATE_METHOD_MATCH = YES;
				"CODE_SIGN_IDENTITY[sdk=iphoneos*]" = "iPhone Developer";
				COPY_PHASE_STRIP = NO;
				DEBUG_INFORMATION_FORMAT = "dwarf-with-dsym";
				ENABLE_NS_ASSERTIONS = NO;
				ENABLE_STRICT_OBJC_MSGSEND = YES;
				GCC_C_LANGUAGE_STANDARD = gnu99;
				GCC_NO_COMMON_BLOCKS = YES;
				GCC_WARN_64_TO_32_BIT_CONVERSION = YES;
				GCC_WARN_ABOUT_RETURN_TYPE = YES_ERROR;
				GCC_WARN_UNDECLARED_SELECTOR = YES;
				GCC_WARN_UNINITIALIZED_AUTOS = YES_AGGRESSIVE;
				GCC_WARN_UNUSED_FUNCTION = YES;
				GCC_WARN_UNUSED_VARIABLE = YES;
				IPHONEOS_DEPLOYMENT_TARGET = 9.2;
				MTL_ENABLE_DEBUG_INFO = NO;
				SDKROOT = iphoneos;
				VALIDATE_PRODUCT = YES;
			};
			name = Release;
		};
		300DDB751C4B05DA00810B49 /* Debug */ = {
			isa = XCBuildConfiguration;
			buildSettings = {
				ASSETCATALOG_COMPILER_APPICON_NAME = AppIcon;
				INFOPLIST_FILE = MemeMe/Info.plist;
				LD_RUNPATH_SEARCH_PATHS = "$(inherited) @executable_path/Frameworks";
				PRODUCT_BUNDLE_IDENTIFIER = com.ciscoalcala.MemeMe;
				PRODUCT_NAME = "$(TARGET_NAME)";
			};
			name = Debug;
		};
		300DDB761C4B05DA00810B49 /* Release */ = {
			isa = XCBuildConfiguration;
			buildSettings = {
				ASSETCATALOG_COMPILER_APPICON_NAME = AppIcon;
				INFOPLIST_FILE = MemeMe/Info.plist;
				LD_RUNPATH_SEARCH_PATHS = "$(inherited) @executable_path/Frameworks";
				PRODUCT_BUNDLE_IDENTIFIER = com.ciscoalcala.MemeMe;
				PRODUCT_NAME = "$(TARGET_NAME)";
			};
			name = Release;
		};
/* End XCBuildConfiguration section */

/* Begin XCConfigurationList section */
		300DDB5D1C4B05DA00810B49 /* Build configuration list for PBXProject "MemeMe" */ = {
			isa = XCConfigurationList;
			buildConfigurations = (
				300DDB721C4B05DA00810B49 /* Debug */,
				300DDB731C4B05DA00810B49 /* Release */,
			);
			defaultConfigurationIsVisible = 0;
			defaultConfigurationName = Release;
		};
		300DDB741C4B05DA00810B49 /* Build configuration list for PBXNativeTarget "MemeMe" */ = {
			isa = XCConfigurationList;
			buildConfigurations = (
				300DDB751C4B05DA00810B49 /* Debug */,
				300DDB761C4B05DA00810B49 /* Release */,
			);
			defaultConfigurationIsVisible = 0;
		};
/* End XCConfigurationList section */
	};
	rootObject = 300DDB5A1C4B05DA00810B49 /* Project object */;
}
